{
  "nodes": {
    "emacs-overlay": {
      "inputs": {
        "flake-utils": "flake-utils",
        "nixpkgs": [
          "nixpkgs"
        ],
        "nixpkgs-stable": "nixpkgs-stable"
      },
      "locked": {
        "lastModified": 1701423569,
        "narHash": "sha256-kY6xzfsKX0vvO6+ZXMdLjYxU/fihSm5IZQx6e04AlMw=",
        "owner": "nix-community",
        "repo": "emacs-overlay",
        "rev": "ead33b53bddac6d9e4e01d1e80e6dc1d8d30d2a3",
        "type": "github"
      },
      "original": {
        "owner": "nix-community",
        "repo": "emacs-overlay",
        "type": "github"
      }
    },
    "flake-utils": {
      "inputs": {
        "systems": "systems"
      },
      "locked": {
        "lastModified": 1694529238,
        "narHash": "sha256-zsNZZGTGnMOf9YpHKJqMSsa0dXbfmxeoJ7xHlrt+xmY=",
        "owner": "numtide",
        "repo": "flake-utils",
        "rev": "ff7b65b44d01cf9ba6a71320833626af21126384",
        "type": "github"
      },
      "original": {
        "owner": "numtide",
        "repo": "flake-utils",
        "type": "github"
      }
    },
    "hardware": {
      "locked": {
        "lastModified": 1701250978,
        "narHash": "sha256-ohu3cz4edjpGxs2qUTgbs0WrnewOX4crnUJNEB6Jox4=",
        "owner": "nixos",
        "repo": "nixos-hardware",
        "rev": "8772491ed75f150f02552c60694e1beff9f46013",
        "type": "github"
      },
      "original": {
        "owner": "nixos",
        "repo": "nixos-hardware",
        "type": "github"
      }
    },
    "home-manager": {
      "inputs": {
        "nixpkgs": [
          "nixpkgs"
        ]
      },
      "locked": {
        "lastModified": 1701433070,
        "narHash": "sha256-Gf9JStfENaUQ7YWFz3V7x/srIwr4nlnVteqaAxtwpgM=",
        "owner": "nix-community",
        "repo": "home-manager",
        "rev": "4a8545f5e737a6338814a4676dc8e18c7f43fc57",
        "type": "github"
      },
      "original": {
        "owner": "nix-community",
        "repo": "home-manager",
        "type": "github"
      }
    },
    "nixpkgs": {
      "locked": {
        "lastModified": 1701253981,
        "narHash": "sha256-ztaDIyZ7HrTAfEEUt9AtTDNoCYxUdSd6NrRHaYOIxtk=",
        "owner": "nixos",
        "repo": "nixpkgs",
        "rev": "e92039b55bcd58469325ded85d4f58dd5a4eaf58",
        "type": "github"
      },
      "original": {
        "owner": "nixos",
        "ref": "nixos-unstable",
        "repo": "nixpkgs",
        "type": "github"
      }
    },
    "nixpkgs-stable": {
      "locked": {
        "lastModified": 1701268161,
        "narHash": "sha256-hL4jGGwMHHmyx6G9wi6IrYa8RLkoEtzCb4zWITH1B40=",
        "owner": "NixOS",
        "repo": "nixpkgs",
        "rev": "67be70a859530f6f7c358568eaa6ab0d84b36b01",
        "type": "github"
      },
      "original": {
        "owner": "NixOS",
        "ref": "nixos-23.05",
        "repo": "nixpkgs",
        "type": "github"
      }
    },
    "nixpkgs-stable_2": {
      "locked": {
        "lastModified": 1700905716,
        "narHash": "sha256-w1vHn2MbGfdC+CrP3xLZ3scsI06N0iQLU7eTHIVEFGw=",
        "owner": "NixOS",
        "repo": "nixpkgs",
        "rev": "dfb95385d21475da10b63da74ae96d89ab352431",
        "type": "github"
      },
      "original": {
        "owner": "NixOS",
        "ref": "release-23.05",
        "repo": "nixpkgs",
        "type": "github"
      }
    },
    "nixpkgs_2": {
      "locked": {
        "lastModified": 1700856099,
        "narHash": "sha256-RnEA7iJ36Ay9jI0WwP+/y4zjEhmeN6Cjs9VOFBH7eVQ=",
        "owner": "NixOS",
        "repo": "nixpkgs",
        "rev": "0bd59c54ef06bc34eca01e37d689f5e46b3fe2f1",
        "type": "github"
      },
      "original": {
        "owner": "NixOS",
        "ref": "nixpkgs-unstable",
        "repo": "nixpkgs",
        "type": "github"
      }
    },
    "root": {
      "inputs": {
        "emacs-overlay": "emacs-overlay",
        "hardware": "hardware",
        "home-manager": "home-manager",
        "nixpkgs": "nixpkgs",
        "sops-nix": "sops-nix"
      }
    },
    "sops-nix": {
      "inputs": {
        "nixpkgs": "nixpkgs_2",
        "nixpkgs-stable": "nixpkgs-stable_2"
      },
      "locked": {
        "lastModified": 1701127353,
        "narHash": "sha256-qVNX0wOl0b7+I35aRu78xUphOyELh+mtUp1KBx89K1Q=",
        "owner": "Mic92",
        "repo": "sops-nix",
        "rev": "b1edbf5c0464b4cced90a3ba6f999e671f0af631",
        "type": "github"
      },
      "original": {
        "owner": "Mic92",
        "repo": "sops-nix",
        "type": "github"
      }
    },
    "systems": {
      "locked": {
        "lastModified": 1681028828,
        "narHash": "sha256-Vy1rq5AaRuLzOxct8nz4T6wlgyUR7zLU309k9mBC768=",
        "owner": "nix-systems",
        "repo": "default",
        "rev": "da67096a3b9bf56a91d16901293e51ba5b49a27e",
        "type": "github"
      },
      "original": {
        "owner": "nix-systems",
        "repo": "default",
        "type": "github"
      }
    }
  },
  "root": "root",
  "version": 7
}
